
Microsoft Visual Studio Solution File, Format Version 12.00
# Visual Studio Version 17
VisualStudioVersion = 17.14.36811.4 d17.14
MinimumVisualStudioVersion = 10.0.40219.1
Project("{FAE04EC0-301F-11D3-BF4B-00C04F79EFBC}") = "PM_1623_Tunegov", "PM_1623_Tunegov\PM_1623_Tunegov.csproj", "{31EBB1AA-7366-4DC8-9878-E1479FF2EC04}"
EndProject
Project("{FAE04EC0-301F-11D3-BF4B-00C04F79EFBC}") = "PM_1623_Tunegov_Tests", "PM_1623_Tunegov_Tests\PM_1623_Tunegov_Tests.csproj", "{FAE19B03-9EF2-4213-93B5-BFEB233BF50E}"
EndProject
Global
	GlobalSection(SolutionConfigurationPlatforms) = preSolution
		Debug|Any CPU = Debug|Any CPU
		Release|Any CPU = Release|Any CPU
	EndGlobalSection
	GlobalSection(ProjectConfigurationPlatforms) = postSolution
		{31EBB1AA-7366-4DC8-9878-E1479FF2EC04}.Debug|Any CPU.ActiveCfg = Debug|Any CPU
		{31EBB1AA-7366-4DC8-9878-E1479FF2EC04}.Debug|Any CPU.Build.0 = Debug|Any CPU
		{31EBB1AA-7366-4DC8-9878-E1479FF2EC04}.Release|Any CPU.ActiveCfg = Release|Any CPU
		{31EBB1AA-7366-4DC8-9878-E1479FF2EC04}.Release|Any CPU.Build.0 = Release|Any CPU
		{FAE19B03-9EF2-4213-93B5-BFEB233BF50E}.Debug|Any CPU.ActiveCfg = Debug|Any CPU
		{FAE19B03-9EF2-4213-93B5-BFEB233BF50E}.Debug|Any CPU.Build.0 = Debug|Any CPU
		{FAE19B03-9EF2-4213-93B5-BFEB233BF50E}.Release|Any CPU.ActiveCfg = Release|Any CPU
		{FAE19B03-9EF2-4213-93B5-BFEB233BF50E}.Release|Any CPU.Build.0 = Release|Any CPU
	EndGlobalSection
	GlobalSection(SolutionProperties) = preSolution
		HideSolutionNode = FALSE
	EndGlobalSection
	GlobalSection(ExtensibilityGlobals) = postSolution
		SolutionGuid = {B23F8500-2596-4A88-9D5B-84F601BD0268}
	EndGlobalSection
EndGlobal
